
Microsoft Visual Studio Solution File, Format Version 12.00
# Visual Studio Version 16
VisualStudioVersion = 16.0.29519.181
MinimumVisualStudioVersion = 10.0.40219.1
Project("{9092AA53-FB77-4645-B42D-1CCCA6BD08BD}") = "TrademateFlow", "VuejsApp2\TrademateFlow.njsproj", "{5C22F61F-FE02-461A-9895-7046454FE638}"
EndProject
Global
	GlobalSection(SolutionConfigurationPlatforms) = preSolution
		Debug|Any CPU = Debug|Any CPU
		Release|Any CPU = Release|Any CPU
	EndGlobalSection
	GlobalSection(ProjectConfigurationPlatforms) = postSolution
		{5C22F61F-FE02-461A-9895-7046454FE638}.Debug|Any CPU.ActiveCfg = Debug|Any CPU
		{5C22F61F-FE02-461A-9895-7046454FE638}.Debug|Any CPU.Build.0 = Debug|Any CPU
		{5C22F61F-FE02-461A-9895-7046454FE638}.Release|Any CPU.ActiveCfg = Release|Any CPU
		{5C22F61F-FE02-461A-9895-7046454FE638}.Release|Any CPU.Build.0 = Release|Any CPU
	EndGlobalSection
	GlobalSection(SolutionProperties) = preSolution
		HideSolutionNode = FALSE
	EndGlobalSection
	GlobalSection(ExtensibilityGlobals) = postSolution
		SolutionGuid = {4FCD1339-7397-42AB-BB48-824D8B2B801E}
	EndGlobalSection
EndGlobal
